// !$*UTF8*$!
{
	archiveVersion = 1;
	classes = {
	};
	objectVersion = 56;
	objects = {

/* Begin PBXBuildFile section */
		4508FA992A900D910081B477 /* LoginViewController.swift in Sources */ = {isa = PBXBuildFile; fileRef = 4508FA982A900D910081B477 /* LoginViewController.swift */; };
		4508FA9B2A90229B0081B477 /* CreateAccountViewController.swift in Sources */ = {isa = PBXBuildFile; fileRef = 4508FA9A2A90229B0081B477 /* CreateAccountViewController.swift */; };
		450A49742A8EC94D00DEB7CF /* AppDelegate.swift in Sources */ = {isa = PBXBuildFile; fileRef = 450A49732A8EC94D00DEB7CF /* AppDelegate.swift */; };
		450A49762A8EC94D00DEB7CF /* SceneDelegate.swift in Sources */ = {isa = PBXBuildFile; fileRef = 450A49752A8EC94D00DEB7CF /* SceneDelegate.swift */; };
		450A49782A8EC94D00DEB7CF /* MainViewController.swift in Sources */ = {isa = PBXBuildFile; fileRef = 450A49772A8EC94D00DEB7CF /* MainViewController.swift */; };
		450A497B2A8EC94D00DEB7CF /* Main.storyboard in Resources */ = {isa = PBXBuildFile; fileRef = 450A49792A8EC94D00DEB7CF /* Main.storyboard */; };
		450A497D2A8EC94E00DEB7CF /* Assets.xcassets in Resources */ = {isa = PBXBuildFile; fileRef = 450A497C2A8EC94E00DEB7CF /* Assets.xcassets */; };
		450A49802A8EC94E00DEB7CF /* LaunchScreen.storyboard in Resources */ = {isa = PBXBuildFile; fileRef = 450A497E2A8EC94E00DEB7CF /* LaunchScreen.storyboard */; };
		450C07CD2A92CFCD006E4540 /* FirebaseFirestore in Frameworks */ = {isa = PBXBuildFile; productRef = 450C07CC2A92CFCD006E4540 /* FirebaseFirestore */; };
		450C07CF2A9321C7006E4540 /* Erectlorite.ttf in Resources */ = {isa = PBXBuildFile; fileRef = 450C07CE2A9321C7006E4540 /* Erectlorite.ttf */; };
		4526236B2AC4A8D00070B637 /* OppTwoViewController.swift in Sources */ = {isa = PBXBuildFile; fileRef = 4526236A2AC4A8D00070B637 /* OppTwoViewController.swift */; };
		4526236D2AC4B24A0070B637 /* OppOneViewController.swift in Sources */ = {isa = PBXBuildFile; fileRef = 4526236C2AC4B24A0070B637 /* OppOneViewController.swift */; };
		4526236F2AC4DECA0070B637 /* DoublesSharedVariables.swift in Sources */ = {isa = PBXBuildFile; fileRef = 4526236E2AC4DECA0070B637 /* DoublesSharedVariables.swift */; };
		4526342E2A98734E0045FD6A /* HomeScreenViewController.swift in Sources */ = {isa = PBXBuildFile; fileRef = 4526342D2A98734E0045FD6A /* HomeScreenViewController.swift */; };
		45271D0F2AC1241F006A3050 /* DoublesSearchVCNew.swift in Sources */ = {isa = PBXBuildFile; fileRef = 45271D0E2AC1241F006A3050 /* DoublesSearchVCNew.swift */; };
		45540EE92ACF49DB00F2C932 /* GameHistoryViewController.swift in Sources */ = {isa = PBXBuildFile; fileRef = 45540EE82ACF49DB00F2C932 /* GameHistoryViewController.swift */; };
		45540EEB2ACF83E800F2C932 /* BlockedStruct.swift in Sources */ = {isa = PBXBuildFile; fileRef = 45540EEA2ACF83E800F2C932 /* BlockedStruct.swift */; };
		45540EED2ACF843B00F2C932 /* BlockScreenViewController.swift in Sources */ = {isa = PBXBuildFile; fileRef = 45540EEC2ACF843B00F2C932 /* BlockScreenViewController.swift */; };
		455606E12AB8AECC00CBE801 /* AddGameViewController.swift in Sources */ = {isa = PBXBuildFile; fileRef = 455606E02AB8AECC00CBE801 /* AddGameViewController.swift */; };
		455BDA2A2ACA3D89003B2EBF /* SinglesSearchOppVC.swift in Sources */ = {isa = PBXBuildFile; fileRef = 455BDA292ACA3D89003B2EBF /* SinglesSearchOppVC.swift */; };
		455BDA2C2ACA4098003B2EBF /* SinglesAddGameViewController.swift in Sources */ = {isa = PBXBuildFile; fileRef = 455BDA2B2ACA4098003B2EBF /* SinglesAddGameViewController.swift */; };
		4573B8B82A91A636009FAE1E /* GoogleService-Info.plist in Resources */ = {isa = PBXBuildFile; fileRef = 4573B8B72A91A636009FAE1E /* GoogleService-Info.plist */; };
		4573B8BB2A91A868009FAE1E /* FirebaseAuth in Frameworks */ = {isa = PBXBuildFile; productRef = 4573B8BA2A91A868009FAE1E /* FirebaseAuth */; };
		45A1DF4D2AA3F58D00191437 /* NewGameViewController.swift in Sources */ = {isa = PBXBuildFile; fileRef = 45A1DF4C2AA3F58D00191437 /* NewGameViewController.swift */; };
		45B2195F2ADB9E240081AA5F /* ContactUsViewController.swift in Sources */ = {isa = PBXBuildFile; fileRef = 45B2195E2ADB9E240081AA5F /* ContactUsViewController.swift */; };
		45BD18212B01CA9A00EB98C6 /* PieChart.swift in Sources */ = {isa = PBXBuildFile; fileRef = 45BD18202B01CA9900EB98C6 /* PieChart.swift */; };
		45BD18232B01E83900EB98C6 /* PieChartSingles.swift in Sources */ = {isa = PBXBuildFile; fileRef = 45BD18222B01E83900EB98C6 /* PieChartSingles.swift */; };
		45BD18252B02E53200EB98C6 /* NewPlayerSearchVC.swift in Sources */ = {isa = PBXBuildFile; fileRef = 45BD18242B02E53200EB98C6 /* NewPlayerSearchVC.swift */; };
		45E6DC012AE7323A00345671 /* BadgesViewController.swift in Sources */ = {isa = PBXBuildFile; fileRef = 45E6DC002AE7323900345671 /* BadgesViewController.swift */; };
		45E6DC042AF6C44A00345671 /* CreateGroupVC.swift in Sources */ = {isa = PBXBuildFile; fileRef = 45E6DC032AF6C44A00345671 /* CreateGroupVC.swift */; };
		45E6DC072AFD901400345671 /* UserProfileHomeVC.swift in Sources */ = {isa = PBXBuildFile; fileRef = 45E6DC062AFD901400345671 /* UserProfileHomeVC.swift */; };
		45E6DC0A2AFDA73600345671 /* PlayersSearchViewController.swift in Sources */ = {isa = PBXBuildFile; fileRef = 45E6DC092AFDA73600345671 /* PlayersSearchViewController.swift */; };
		45E6DC0C2AFDB33900345671 /* Angel wish.ttf in Resources */ = {isa = PBXBuildFile; fileRef = 45E6DC0B2AFDB33900345671 /* Angel wish.ttf */; };
		45E6DC0E2AFE04CA00345671 /* PlayerProfileViewController.swift in Sources */ = {isa = PBXBuildFile; fileRef = 45E6DC0D2AFE04CA00345671 /* PlayerProfileViewController.swift */; };
		45E6DC102AFE06EA00345671 /* PlayersSharedVariable.swift in Sources */ = {isa = PBXBuildFile; fileRef = 45E6DC0F2AFE06EA00345671 /* PlayersSharedVariable.swift */; };
		45ECA1D92AD4AC4D00A706C9 /* AccountSettingsViewController.swift in Sources */ = {isa = PBXBuildFile; fileRef = 45ECA1D82AD4AC4D00A706C9 /* AccountSettingsViewController.swift */; };
		45EE444A2AAAC1DA00319597 /* ViewController.swift in Sources */ = {isa = PBXBuildFile; fileRef = 45EE44492AAAC1DA00319597 /* ViewController.swift */; };
		45F489262A9D7A4C0043238C /* GaugeView.swift in Sources */ = {isa = PBXBuildFile; fileRef = 45F489252A9D7A4C0043238C /* GaugeView.swift */; };
		45F7AB992AB669E700D1DA2C /* GamesCount.swift in Sources */ = {isa = PBXBuildFile; fileRef = 45F7AB982AB669E700D1DA2C /* GamesCount.swift */; };
/* End PBXBuildFile section */

/* Begin PBXContainerItemProxy section */
		450A49872A8EC94F00DEB7CF /* PBXContainerItemProxy */ = {
			isa = PBXContainerItemProxy;
			containerPortal = 450A49682A8EC94D00DEB7CF /* Project object */;
			proxyType = 1;
			remoteGlobalIDString = 450A496F2A8EC94D00DEB7CF;
			remoteInfo = AGRESSV;
		};
		450A49912A8EC94F00DEB7CF /* PBXContainerItemProxy */ = {
			isa = PBXContainerItemProxy;
			containerPortal = 450A49682A8EC94D00DEB7CF /* Project object */;
			proxyType = 1;
			remoteGlobalIDString = 450A496F2A8EC94D00DEB7CF;
			remoteInfo = AGRESSV;
		};
/* End PBXContainerItemProxy section */

/* Begin PBXFileReference section */
		4508FA982A900D910081B477 /* LoginViewController.swift */ = {isa = PBXFileReference; lastKnownFileType = sourcecode.swift; path = LoginViewController.swift; sourceTree = "<group>"; };
		4508FA9A2A90229B0081B477 /* CreateAccountViewController.swift */ = {isa = PBXFileReference; lastKnownFileType = sourcecode.swift; path = CreateAccountViewController.swift; sourceTree = "<group>"; };
		450A49702A8EC94D00DEB7CF /* AGRESSV.app */ = {isa = PBXFileReference; explicitFileType = wrapper.application; includeInIndex = 0; path = AGRESSV.app; sourceTree = BUILT_PRODUCTS_DIR; };
		450A49732A8EC94D00DEB7CF /* AppDelegate.swift */ = {isa = PBXFileReference; lastKnownFileType = sourcecode.swift; path = AppDelegate.swift; sourceTree = "<group>"; };
		450A49752A8EC94D00DEB7CF /* SceneDelegate.swift */ = {isa = PBXFileReference; lastKnownFileType = sourcecode.swift; path = SceneDelegate.swift; sourceTree = "<group>"; };
		450A49772A8EC94D00DEB7CF /* MainViewController.swift */ = {isa = PBXFileReference; lastKnownFileType = sourcecode.swift; path = MainViewController.swift; sourceTree = "<group>"; };
		450A497A2A8EC94D00DEB7CF /* Base */ = {isa = PBXFileReference; lastKnownFileType = file.storyboard; name = Base; path = Base.lproj/Main.storyboard; sourceTree = "<group>"; };
		450A497C2A8EC94E00DEB7CF /* Assets.xcassets */ = {isa = PBXFileReference; lastKnownFileType = folder.assetcatalog; path = Assets.xcassets; sourceTree = "<group>"; };
		450A497F2A8EC94E00DEB7CF /* Base */ = {isa = PBXFileReference; lastKnownFileType = file.storyboard; name = Base; path = Base.lproj/LaunchScreen.storyboard; sourceTree = "<group>"; };
		450A49812A8EC94E00DEB7CF /* Info.plist */ = {isa = PBXFileReference; lastKnownFileType = text.plist.xml; path = Info.plist; sourceTree = "<group>"; };
		450A49862A8EC94F00DEB7CF /* AGRESSVTests.xctest */ = {isa = PBXFileReference; explicitFileType = wrapper.cfbundle; includeInIndex = 0; path = AGRESSVTests.xctest; sourceTree = BUILT_PRODUCTS_DIR; };
		450A49902A8EC94F00DEB7CF /* AGRESSVUITests.xctest */ = {isa = PBXFileReference; explicitFileType = wrapper.cfbundle; includeInIndex = 0; path = AGRESSVUITests.xctest; sourceTree = BUILT_PRODUCTS_DIR; };
		450C07CE2A9321C7006E4540 /* Erectlorite.ttf */ = {isa = PBXFileReference; lastKnownFileType = file; path = Erectlorite.ttf; sourceTree = "<group>"; };
		4526236A2AC4A8D00070B637 /* OppTwoViewController.swift */ = {isa = PBXFileReference; lastKnownFileType = sourcecode.swift; path = OppTwoViewController.swift; sourceTree = "<group>"; };
		4526236C2AC4B24A0070B637 /* OppOneViewController.swift */ = {isa = PBXFileReference; lastKnownFileType = sourcecode.swift; path = OppOneViewController.swift; sourceTree = "<group>"; };
		4526236E2AC4DECA0070B637 /* DoublesSharedVariables.swift */ = {isa = PBXFileReference; lastKnownFileType = sourcecode.swift; path = DoublesSharedVariables.swift; sourceTree = "<group>"; };
		4526342D2A98734E0045FD6A /* HomeScreenViewController.swift */ = {isa = PBXFileReference; fileEncoding = 4; lastKnownFileType = sourcecode.swift; path = HomeScreenViewController.swift; sourceTree = "<group>"; };
		45271D0E2AC1241F006A3050 /* DoublesSearchVCNew.swift */ = {isa = PBXFileReference; lastKnownFileType = sourcecode.swift; path = DoublesSearchVCNew.swift; sourceTree = "<group>"; };
		45540EE82ACF49DB00F2C932 /* GameHistoryViewController.swift */ = {isa = PBXFileReference; lastKnownFileType = sourcecode.swift; path = GameHistoryViewController.swift; sourceTree = "<group>"; };
		45540EEA2ACF83E800F2C932 /* BlockedStruct.swift */ = {isa = PBXFileReference; lastKnownFileType = sourcecode.swift; path = BlockedStruct.swift; sourceTree = "<group>"; };
		45540EEC2ACF843B00F2C932 /* BlockScreenViewController.swift */ = {isa = PBXFileReference; lastKnownFileType = sourcecode.swift; path = BlockScreenViewController.swift; sourceTree = "<group>"; };
		455606E02AB8AECC00CBE801 /* AddGameViewController.swift */ = {isa = PBXFileReference; lastKnownFileType = sourcecode.swift; path = AddGameViewController.swift; sourceTree = "<group>"; };
		455BDA292ACA3D89003B2EBF /* SinglesSearchOppVC.swift */ = {isa = PBXFileReference; lastKnownFileType = sourcecode.swift; path = SinglesSearchOppVC.swift; sourceTree = "<group>"; };
		455BDA2B2ACA4098003B2EBF /* SinglesAddGameViewController.swift */ = {isa = PBXFileReference; lastKnownFileType = sourcecode.swift; path = SinglesAddGameViewController.swift; sourceTree = "<group>"; };
		4573B8B72A91A636009FAE1E /* GoogleService-Info.plist */ = {isa = PBXFileReference; fileEncoding = 4; lastKnownFileType = text.plist.xml; path = "GoogleService-Info.plist"; sourceTree = "<group>"; };
		45A1DF4C2AA3F58D00191437 /* NewGameViewController.swift */ = {isa = PBXFileReference; fileEncoding = 4; lastKnownFileType = sourcecode.swift; path = NewGameViewController.swift; sourceTree = "<group>"; };
		45B2195E2ADB9E240081AA5F /* ContactUsViewController.swift */ = {isa = PBXFileReference; lastKnownFileType = sourcecode.swift; path = ContactUsViewController.swift; sourceTree = "<group>"; };
		45BD18202B01CA9900EB98C6 /* PieChart.swift */ = {isa = PBXFileReference; lastKnownFileType = sourcecode.swift; path = PieChart.swift; sourceTree = "<group>"; };
		45BD18222B01E83900EB98C6 /* PieChartSingles.swift */ = {isa = PBXFileReference; lastKnownFileType = sourcecode.swift; path = PieChartSingles.swift; sourceTree = "<group>"; };
		45BD18242B02E53200EB98C6 /* NewPlayerSearchVC.swift */ = {isa = PBXFileReference; lastKnownFileType = sourcecode.swift; path = NewPlayerSearchVC.swift; sourceTree = "<group>"; };
		45E6DC002AE7323900345671 /* BadgesViewController.swift */ = {isa = PBXFileReference; lastKnownFileType = sourcecode.swift; path = BadgesViewController.swift; sourceTree = "<group>"; };
		45E6DC032AF6C44A00345671 /* CreateGroupVC.swift */ = {isa = PBXFileReference; lastKnownFileType = sourcecode.swift; path = CreateGroupVC.swift; sourceTree = "<group>"; };
		45E6DC062AFD901400345671 /* UserProfileHomeVC.swift */ = {isa = PBXFileReference; lastKnownFileType = sourcecode.swift; path = UserProfileHomeVC.swift; sourceTree = "<group>"; };
		45E6DC092AFDA73600345671 /* PlayersSearchViewController.swift */ = {isa = PBXFileReference; lastKnownFileType = sourcecode.swift; path = PlayersSearchViewController.swift; sourceTree = "<group>"; };
		45E6DC0B2AFDB33900345671 /* Angel wish.ttf */ = {isa = PBXFileReference; lastKnownFileType = file; path = "Angel wish.ttf"; sourceTree = "<group>"; };
		45E6DC0D2AFE04CA00345671 /* PlayerProfileViewController.swift */ = {isa = PBXFileReference; lastKnownFileType = sourcecode.swift; path = PlayerProfileViewController.swift; sourceTree = "<group>"; };
		45E6DC0F2AFE06EA00345671 /* PlayersSharedVariable.swift */ = {isa = PBXFileReference; lastKnownFileType = sourcecode.swift; path = PlayersSharedVariable.swift; sourceTree = "<group>"; };
		45ECA1D82AD4AC4D00A706C9 /* AccountSettingsViewController.swift */ = {isa = PBXFileReference; lastKnownFileType = sourcecode.swift; path = AccountSettingsViewController.swift; sourceTree = "<group>"; };
		45EE44492AAAC1DA00319597 /* ViewController.swift */ = {isa = PBXFileReference; fileEncoding = 4; lastKnownFileType = sourcecode.swift; path = ViewController.swift; sourceTree = "<group>"; };
		45F489252A9D7A4C0043238C /* GaugeView.swift */ = {isa = PBXFileReference; lastKnownFileType = sourcecode.swift; path = GaugeView.swift; sourceTree = "<group>"; };
		45F7AB982AB669E700D1DA2C /* GamesCount.swift */ = {isa = PBXFileReference; lastKnownFileType = sourcecode.swift; path = GamesCount.swift; sourceTree = "<group>"; };
/* End PBXFileReference section */

/* Begin PBXFrameworksBuildPhase section */
		450A496D2A8EC94D00DEB7CF /* Frameworks */ = {
			isa = PBXFrameworksBuildPhase;
			buildActionMask = 2147483647;
			files = (
				4573B8BB2A91A868009FAE1E /* FirebaseAuth in Frameworks */,
				450C07CD2A92CFCD006E4540 /* FirebaseFirestore in Frameworks */,
			);
			runOnlyForDeploymentPostprocessing = 0;
		};
		450A49832A8EC94F00DEB7CF /* Frameworks */ = {
			isa = PBXFrameworksBuildPhase;
			buildActionMask = 2147483647;
			files = (
			);
			runOnlyForDeploymentPostprocessing = 0;
		};
		450A498D2A8EC94F00DEB7CF /* Frameworks */ = {
			isa = PBXFrameworksBuildPhase;
			buildActionMask = 2147483647;
			files = (
			);
			runOnlyForDeploymentPostprocessing = 0;
		};
/* End PBXFrameworksBuildPhase section */

/* Begin PBXGroup section */
		450A49672A8EC94D00DEB7CF = {
			isa = PBXGroup;
			children = (
				450A49722A8EC94D00DEB7CF /* AGRESSV */,
				450A49712A8EC94D00DEB7CF /* Products */,
				450C07CB2A92CFCD006E4540 /* Frameworks */,
			);
			sourceTree = "<group>";
		};
		450A49712A8EC94D00DEB7CF /* Products */ = {
			isa = PBXGroup;
			children = (
				450A49702A8EC94D00DEB7CF /* AGRESSV.app */,
				450A49862A8EC94F00DEB7CF /* AGRESSVTests.xctest */,
				450A49902A8EC94F00DEB7CF /* AGRESSVUITests.xctest */,
			);
			name = Products;
			sourceTree = "<group>";
		};
		450A49722A8EC94D00DEB7CF /* AGRESSV */ = {
			isa = PBXGroup;
			children = (
				450A49732A8EC94D00DEB7CF /* AppDelegate.swift */,
				450A49752A8EC94D00DEB7CF /* SceneDelegate.swift */,
				450A49792A8EC94D00DEB7CF /* Main.storyboard */,
				45B2195E2ADB9E240081AA5F /* ContactUsViewController.swift */,
				45ECA1D82AD4AC4D00A706C9 /* AccountSettingsViewController.swift */,
				45E6DC082AFDA72700345671 /* Players */,
				45E6DC052AFD8FF900345671 /* UserProfile */,
				45E6DC022AF6C41700345671 /* Private_Groups */,
				45E6DBFF2AE7322200345671 /* Badges */,
				45540EE72ACF49C900F2C932 /* GameHistory */,
				455BDA282ACA3D6C003B2EBF /* Singles */,
				45271D0D2AC121EA006A3050 /* DoublesSearchBars */,
				455606DD2AB8AD4B00CBE801 /* Games */,
				45FFBE5A2A96F26F004AB0D3 /* Views */,
				450C07CE2A9321C7006E4540 /* Erectlorite.ttf */,
				45E6DC0B2AFDB33900345671 /* Angel wish.ttf */,
				450A497C2A8EC94E00DEB7CF /* Assets.xcassets */,
				450A497E2A8EC94E00DEB7CF /* LaunchScreen.storyboard */,
				450A49812A8EC94E00DEB7CF /* Info.plist */,
				4573B8B72A91A636009FAE1E /* GoogleService-Info.plist */,
			);
			path = AGRESSV;
			sourceTree = "<group>";
		};
		450C07CB2A92CFCD006E4540 /* Frameworks */ = {
			isa = PBXGroup;
			children = (
			);
			name = Frameworks;
			sourceTree = "<group>";
		};
		45271D0D2AC121EA006A3050 /* DoublesSearchBars */ = {
			isa = PBXGroup;
			children = (
				45271D0E2AC1241F006A3050 /* DoublesSearchVCNew.swift */,
				4526236C2AC4B24A0070B637 /* OppOneViewController.swift */,
				4526236A2AC4A8D00070B637 /* OppTwoViewController.swift */,
				4526236E2AC4DECA0070B637 /* DoublesSharedVariables.swift */,
			);
			path = DoublesSearchBars;
			sourceTree = "<group>";
		};
		45540EE72ACF49C900F2C932 /* GameHistory */ = {
			isa = PBXGroup;
			children = (
				45540EE82ACF49DB00F2C932 /* GameHistoryViewController.swift */,
				45540EEA2ACF83E800F2C932 /* BlockedStruct.swift */,
				45540EEC2ACF843B00F2C932 /* BlockScreenViewController.swift */,
			);
			path = GameHistory;
			sourceTree = "<group>";
		};
		455606DD2AB8AD4B00CBE801 /* Games */ = {
			isa = PBXGroup;
			children = (
				455606E02AB8AECC00CBE801 /* AddGameViewController.swift */,
			);
			path = Games;
			sourceTree = "<group>";
		};
		455BDA282ACA3D6C003B2EBF /* Singles */ = {
			isa = PBXGroup;
			children = (
				455BDA292ACA3D89003B2EBF /* SinglesSearchOppVC.swift */,
				455BDA2B2ACA4098003B2EBF /* SinglesAddGameViewController.swift */,
			);
			path = Singles;
			sourceTree = "<group>";
		};
		45B875902AA41A29008A67EF /* Playometer */ = {
			isa = PBXGroup;
			children = (
				45F489252A9D7A4C0043238C /* GaugeView.swift */,
				45F7AB982AB669E700D1DA2C /* GamesCount.swift */,
			);
			path = Playometer;
			sourceTree = "<group>";
		};
		45E6DBFF2AE7322200345671 /* Badges */ = {
			isa = PBXGroup;
			children = (
				45E6DC002AE7323900345671 /* BadgesViewController.swift */,
			);
			path = Badges;
			sourceTree = "<group>";
		};
		45E6DC022AF6C41700345671 /* Private_Groups */ = {
			isa = PBXGroup;
			children = (
				45E6DC032AF6C44A00345671 /* CreateGroupVC.swift */,
			);
			path = Private_Groups;
			sourceTree = "<group>";
		};
		45E6DC052AFD8FF900345671 /* UserProfile */ = {
			isa = PBXGroup;
			children = (
				45E6DC062AFD901400345671 /* UserProfileHomeVC.swift */,
			);
			path = UserProfile;
			sourceTree = "<group>";
		};
		45E6DC082AFDA72700345671 /* Players */ = {
			isa = PBXGroup;
			children = (
				45BD18242B02E53200EB98C6 /* NewPlayerSearchVC.swift */,
				45E6DC092AFDA73600345671 /* PlayersSearchViewController.swift */,
				45E6DC0D2AFE04CA00345671 /* PlayerProfileViewController.swift */,
				45E6DC0F2AFE06EA00345671 /* PlayersSharedVariable.swift */,
				45BD18202B01CA9900EB98C6 /* PieChart.swift */,
				45BD18222B01E83900EB98C6 /* PieChartSingles.swift */,
			);
			path = Players;
			sourceTree = "<group>";
		};
		45FFBE5A2A96F26F004AB0D3 /* Views */ = {
			isa = PBXGroup;
			children = (
				450A49772A8EC94D00DEB7CF /* MainViewController.swift */,
				45EE44492AAAC1DA00319597 /* ViewController.swift */,
				4526342D2A98734E0045FD6A /* HomeScreenViewController.swift */,
				4508FA9A2A90229B0081B477 /* CreateAccountViewController.swift */,
				45A1DF4C2AA3F58D00191437 /* NewGameViewController.swift */,
				4508FA982A900D910081B477 /* LoginViewController.swift */,
				45B875902AA41A29008A67EF /* Playometer */,
			);
			path = Views;
			sourceTree = "<group>";
		};
/* End PBXGroup section */

/* Begin PBXNativeTarget section */
		450A496F2A8EC94D00DEB7CF /* AGRESSV */ = {
			isa = PBXNativeTarget;
			buildConfigurationList = 450A499A2A8EC94F00DEB7CF /* Build configuration list for PBXNativeTarget "AGRESSV" */;
			buildPhases = (
				450A496C2A8EC94D00DEB7CF /* Sources */,
				450A496D2A8EC94D00DEB7CF /* Frameworks */,
				450A496E2A8EC94D00DEB7CF /* Resources */,
			);
			buildRules = (
			);
			dependencies = (
			);
			name = AGRESSV;
			packageProductDependencies = (
				4573B8BA2A91A868009FAE1E /* FirebaseAuth */,
				450C07CC2A92CFCD006E4540 /* FirebaseFirestore */,
			);
			productName = AGRESSV;
			productReference = 450A49702A8EC94D00DEB7CF /* AGRESSV.app */;
			productType = "com.apple.product-type.application";
		};
		450A49852A8EC94F00DEB7CF /* AGRESSVTests */ = {
			isa = PBXNativeTarget;
			buildConfigurationList = 450A499D2A8EC94F00DEB7CF /* Build configuration list for PBXNativeTarget "AGRESSVTests" */;
			buildPhases = (
				450A49822A8EC94F00DEB7CF /* Sources */,
				450A49832A8EC94F00DEB7CF /* Frameworks */,
				450A49842A8EC94F00DEB7CF /* Resources */,
			);
			buildRules = (
			);
			dependencies = (
				450A49882A8EC94F00DEB7CF /* PBXTargetDependency */,
			);
			name = AGRESSVTests;
			productName = AGRESSVTests;
			productReference = 450A49862A8EC94F00DEB7CF /* AGRESSVTests.xctest */;
			productType = "com.apple.product-type.bundle.unit-test";
		};
		450A498F2A8EC94F00DEB7CF /* AGRESSVUITests */ = {
			isa = PBXNativeTarget;
			buildConfigurationList = 450A49A02A8EC94F00DEB7CF /* Build configuration list for PBXNativeTarget "AGRESSVUITests" */;
			buildPhases = (
				450A498C2A8EC94F00DEB7CF /* Sources */,
				450A498D2A8EC94F00DEB7CF /* Frameworks */,
				450A498E2A8EC94F00DEB7CF /* Resources */,
			);
			buildRules = (
			);
			dependencies = (
				450A49922A8EC94F00DEB7CF /* PBXTargetDependency */,
			);
			name = AGRESSVUITests;
			productName = AGRESSVUITests;
			productReference = 450A49902A8EC94F00DEB7CF /* AGRESSVUITests.xctest */;
			productType = "com.apple.product-type.bundle.ui-testing";
		};
/* End PBXNativeTarget section */

/* Begin PBXProject section */
		450A49682A8EC94D00DEB7CF /* Project object */ = {
			isa = PBXProject;
			attributes = {
				BuildIndependentTargetsInParallel = 1;
				LastSwiftUpdateCheck = 1430;
				LastUpgradeCheck = 1430;
				TargetAttributes = {
					450A496F2A8EC94D00DEB7CF = {
						CreatedOnToolsVersion = 14.3.1;
					};
					450A49852A8EC94F00DEB7CF = {
						CreatedOnToolsVersion = 14.3.1;
						TestTargetID = 450A496F2A8EC94D00DEB7CF;
					};
					450A498F2A8EC94F00DEB7CF = {
						CreatedOnToolsVersion = 14.3.1;
						TestTargetID = 450A496F2A8EC94D00DEB7CF;
					};
				};
			};
			buildConfigurationList = 450A496B2A8EC94D00DEB7CF /* Build configuration list for PBXProject "AGRESSV" */;
			compatibilityVersion = "Xcode 14.0";
			developmentRegion = en;
			hasScannedForEncodings = 0;
			knownRegions = (
				en,
				Base,
			);
			mainGroup = 450A49672A8EC94D00DEB7CF;
			packageReferences = (
				4573B8B92A91A868009FAE1E /* XCRemoteSwiftPackageReference "firebase-ios-sdk" */,
			);
			productRefGroup = 450A49712A8EC94D00DEB7CF /* Products */;
			projectDirPath = "";
			projectRoot = "";
			targets = (
				450A496F2A8EC94D00DEB7CF /* AGRESSV */,
				450A49852A8EC94F00DEB7CF /* AGRESSVTests */,
				450A498F2A8EC94F00DEB7CF /* AGRESSVUITests */,
			);
		};
/* End PBXProject section */

/* Begin PBXResourcesBuildPhase section */
		450A496E2A8EC94D00DEB7CF /* Resources */ = {
			isa = PBXResourcesBuildPhase;
			buildActionMask = 2147483647;
			files = (
				450A49802A8EC94E00DEB7CF /* LaunchScreen.storyboard in Resources */,
				4573B8B82A91A636009FAE1E /* GoogleService-Info.plist in Resources */,
				450A497D2A8EC94E00DEB7CF /* Assets.xcassets in Resources */,
				450A497B2A8EC94D00DEB7CF /* Main.storyboard in Resources */,
				45E6DC0C2AFDB33900345671 /* Angel wish.ttf in Resources */,
				450C07CF2A9321C7006E4540 /* Erectlorite.ttf in Resources */,
			);
			runOnlyForDeploymentPostprocessing = 0;
		};
		450A49842A8EC94F00DEB7CF /* Resources */ = {
			isa = PBXResourcesBuildPhase;
			buildActionMask = 2147483647;
			files = (
			);
			runOnlyForDeploymentPostprocessing = 0;
		};
		450A498E2A8EC94F00DEB7CF /* Resources */ = {
			isa = PBXResourcesBuildPhase;
			buildActionMask = 2147483647;
			files = (
			);
			runOnlyForDeploymentPostprocessing = 0;
		};
/* End PBXResourcesBuildPhase section */

/* Begin PBXSourcesBuildPhase section */
		450A496C2A8EC94D00DEB7CF /* Sources */ = {
			isa = PBXSourcesBuildPhase;
			buildActionMask = 2147483647;
			files = (
				4508FA9B2A90229B0081B477 /* CreateAccountViewController.swift in Sources */,
				45BD18212B01CA9A00EB98C6 /* PieChart.swift in Sources */,
				4508FA992A900D910081B477 /* LoginViewController.swift in Sources */,
				45BD18252B02E53200EB98C6 /* NewPlayerSearchVC.swift in Sources */,
				45EE444A2AAAC1DA00319597 /* ViewController.swift in Sources */,
				450A49782A8EC94D00DEB7CF /* MainViewController.swift in Sources */,
				455606E12AB8AECC00CBE801 /* AddGameViewController.swift in Sources */,
				45ECA1D92AD4AC4D00A706C9 /* AccountSettingsViewController.swift in Sources */,
				450A49742A8EC94D00DEB7CF /* AppDelegate.swift in Sources */,
				455BDA2A2ACA3D89003B2EBF /* SinglesSearchOppVC.swift in Sources */,
				45BD18232B01E83900EB98C6 /* PieChartSingles.swift in Sources */,
				45E6DC042AF6C44A00345671 /* CreateGroupVC.swift in Sources */,
				45540EE92ACF49DB00F2C932 /* GameHistoryViewController.swift in Sources */,
				45E6DC072AFD901400345671 /* UserProfileHomeVC.swift in Sources */,
				45540EED2ACF843B00F2C932 /* BlockScreenViewController.swift in Sources */,
				4526236B2AC4A8D00070B637 /* OppTwoViewController.swift in Sources */,
				45E6DC0A2AFDA73600345671 /* PlayersSearchViewController.swift in Sources */,
				4526236D2AC4B24A0070B637 /* OppOneViewController.swift in Sources */,
				45540EEB2ACF83E800F2C932 /* BlockedStruct.swift in Sources */,
				4526342E2A98734E0045FD6A /* HomeScreenViewController.swift in Sources */,
				45A1DF4D2AA3F58D00191437 /* NewGameViewController.swift in Sources */,
				45B2195F2ADB9E240081AA5F /* ContactUsViewController.swift in Sources */,
				45F7AB992AB669E700D1DA2C /* GamesCount.swift in Sources */,
				450A49762A8EC94D00DEB7CF /* SceneDelegate.swift in Sources */,
				45E6DC012AE7323A00345671 /* BadgesViewController.swift in Sources */,
				455BDA2C2ACA4098003B2EBF /* SinglesAddGameViewController.swift in Sources */,
				45E6DC102AFE06EA00345671 /* PlayersSharedVariable.swift in Sources */,
				45271D0F2AC1241F006A3050 /* DoublesSearchVCNew.swift in Sources */,
				45F489262A9D7A4C0043238C /* GaugeView.swift in Sources */,
				4526236F2AC4DECA0070B637 /* DoublesSharedVariables.swift in Sources */,
				45E6DC0E2AFE04CA00345671 /* PlayerProfileViewController.swift in Sources */,
			);
			runOnlyForDeploymentPostprocessing = 0;
		};
		450A49822A8EC94F00DEB7CF /* Sources */ = {
			isa = PBXSourcesBuildPhase;
			buildActionMask = 2147483647;
			files = (
			);
			runOnlyForDeploymentPostprocessing = 0;
		};
		450A498C2A8EC94F00DEB7CF /* Sources */ = {
			isa = PBXSourcesBuildPhase;
			buildActionMask = 2147483647;
			files = (
			);
			runOnlyForDeploymentPostprocessing = 0;
		};
/* End PBXSourcesBuildPhase section */

/* Begin PBXTargetDependency section */
		450A49882A8EC94F00DEB7CF /* PBXTargetDependency */ = {
			isa = PBXTargetDependency;
			target = 450A496F2A8EC94D00DEB7CF /* AGRESSV */;
			targetProxy = 450A49872A8EC94F00DEB7CF /* PBXContainerItemProxy */;
		};
		450A49922A8EC94F00DEB7CF /* PBXTargetDependency */ = {
			isa = PBXTargetDependency;
			target = 450A496F2A8EC94D00DEB7CF /* AGRESSV */;
			targetProxy = 450A49912A8EC94F00DEB7CF /* PBXContainerItemProxy */;
		};
/* End PBXTargetDependency section */

/* Begin PBXVariantGroup section */
		450A49792A8EC94D00DEB7CF /* Main.storyboard */ = {
			isa = PBXVariantGroup;
			children = (
				450A497A2A8EC94D00DEB7CF /* Base */,
			);
			name = Main.storyboard;
			sourceTree = "<group>";
		};
		450A497E2A8EC94E00DEB7CF /* LaunchScreen.storyboard */ = {
			isa = PBXVariantGroup;
			children = (
				450A497F2A8EC94E00DEB7CF /* Base */,
			);
			name = LaunchScreen.storyboard;
			sourceTree = "<group>";
		};
/* End PBXVariantGroup section */

/* Begin XCBuildConfiguration section */
		450A49982A8EC94F00DEB7CF /* Debug */ = {
			isa = XCBuildConfiguration;
			buildSettings = {
				ALWAYS_SEARCH_USER_PATHS = NO;
				CLANG_ANALYZER_NONNULL = YES;
				CLANG_ANALYZER_NUMBER_OBJECT_CONVERSION = YES_AGGRESSIVE;
				CLANG_CXX_LANGUAGE_STANDARD = "gnu++20";
				CLANG_ENABLE_MODULES = YES;
				CLANG_ENABLE_OBJC_ARC = YES;
				CLANG_ENABLE_OBJC_WEAK = YES;
				CLANG_WARN_BLOCK_CAPTURE_AUTORELEASING = YES;
				CLANG_WARN_BOOL_CONVERSION = YES;
				CLANG_WARN_COMMA = YES;
				CLANG_WARN_CONSTANT_CONVERSION = YES;
				CLANG_WARN_DEPRECATED_OBJC_IMPLEMENTATIONS = YES;
				CLANG_WARN_DIRECT_OBJC_ISA_USAGE = YES_ERROR;
				CLANG_WARN_DOCUMENTATION_COMMENTS = YES;
				CLANG_WARN_EMPTY_BODY = YES;
				CLANG_WARN_ENUM_CONVERSION = YES;
				CLANG_WARN_INFINITE_RECURSION = YES;
				CLANG_WARN_INT_CONVERSION = YES;
				CLANG_WARN_NON_LITERAL_NULL_CONVERSION = YES;
				CLANG_WARN_OBJC_IMPLICIT_RETAIN_SELF = YES;
				CLANG_WARN_OBJC_LITERAL_CONVERSION = YES;
				CLANG_WARN_OBJC_ROOT_CLASS = YES_ERROR;
				CLANG_WARN_QUOTED_INCLUDE_IN_FRAMEWORK_HEADER = YES;
				CLANG_WARN_RANGE_LOOP_ANALYSIS = YES;
				CLANG_WARN_STRICT_PROTOTYPES = YES;
				CLANG_WARN_SUSPICIOUS_MOVE = YES;
				CLANG_WARN_UNGUARDED_AVAILABILITY = YES_AGGRESSIVE;
				CLANG_WARN_UNREACHABLE_CODE = YES;
				CLANG_WARN__DUPLICATE_METHOD_MATCH = YES;
				COPY_PHASE_STRIP = NO;
				DEBUG_INFORMATION_FORMAT = dwarf;
				ENABLE_STRICT_OBJC_MSGSEND = YES;
				ENABLE_TESTABILITY = YES;
				GCC_C_LANGUAGE_STANDARD = gnu11;
				GCC_DYNAMIC_NO_PIC = NO;
				GCC_NO_COMMON_BLOCKS = YES;
				GCC_OPTIMIZATION_LEVEL = 0;
				GCC_PREPROCESSOR_DEFINITIONS = (
					"DEBUG=1",
					"$(inherited)",
				);
				GCC_WARN_64_TO_32_BIT_CONVERSION = YES;
				GCC_WARN_ABOUT_RETURN_TYPE = YES_ERROR;
				GCC_WARN_UNDECLARED_SELECTOR = YES;
				GCC_WARN_UNINITIALIZED_AUTOS = YES_AGGRESSIVE;
				GCC_WARN_UNUSED_FUNCTION = YES;
				GCC_WARN_UNUSED_VARIABLE = YES;
				IPHONEOS_DEPLOYMENT_TARGET = 16.4;
				MTL_ENABLE_DEBUG_INFO = INCLUDE_SOURCE;
				MTL_FAST_MATH = YES;
				ONLY_ACTIVE_ARCH = YES;
				SDKROOT = iphoneos;
				SWIFT_ACTIVE_COMPILATION_CONDITIONS = DEBUG;
				SWIFT_OPTIMIZATION_LEVEL = "-Onone";
			};
			name = Debug;
		};
		450A49992A8EC94F00DEB7CF /* Release */ = {
			isa = XCBuildConfiguration;
			buildSettings = {
				ALWAYS_SEARCH_USER_PATHS = NO;
				CLANG_ANALYZER_NONNULL = YES;
				CLANG_ANALYZER_NUMBER_OBJECT_CONVERSION = YES_AGGRESSIVE;
				CLANG_CXX_LANGUAGE_STANDARD = "gnu++20";
				CLANG_ENABLE_MODULES = YES;
				CLANG_ENABLE_OBJC_ARC = YES;
				CLANG_ENABLE_OBJC_WEAK = YES;
				CLANG_WARN_BLOCK_CAPTURE_AUTORELEASING = YES;
				CLANG_WARN_BOOL_CONVERSION = YES;
				CLANG_WARN_COMMA = YES;
				CLANG_WARN_CONSTANT_CONVERSION = YES;
				CLANG_WARN_DEPRECATED_OBJC_IMPLEMENTATIONS = YES;
				CLANG_WARN_DIRECT_OBJC_ISA_USAGE = YES_ERROR;
				CLANG_WARN_DOCUMENTATION_COMMENTS = YES;
				CLANG_WARN_EMPTY_BODY = YES;
				CLANG_WARN_ENUM_CONVERSION = YES;
				CLANG_WARN_INFINITE_RECURSION = YES;
				CLANG_WARN_INT_CONVERSION = YES;
				CLANG_WARN_NON_LITERAL_NULL_CONVERSION = YES;
				CLANG_WARN_OBJC_IMPLICIT_RETAIN_SELF = YES;
				CLANG_WARN_OBJC_LITERAL_CONVERSION = YES;
				CLANG_WARN_OBJC_ROOT_CLASS = YES_ERROR;
				CLANG_WARN_QUOTED_INCLUDE_IN_FRAMEWORK_HEADER = YES;
				CLANG_WARN_RANGE_LOOP_ANALYSIS = YES;
				CLANG_WARN_STRICT_PROTOTYPES = YES;
				CLANG_WARN_SUSPICIOUS_MOVE = YES;
				CLANG_WARN_UNGUARDED_AVAILABILITY = YES_AGGRESSIVE;
				CLANG_WARN_UNREACHABLE_CODE = YES;
				CLANG_WARN__DUPLICATE_METHOD_MATCH = YES;
				COPY_PHASE_STRIP = NO;
				DEBUG_INFORMATION_FORMAT = "dwarf-with-dsym";
				ENABLE_NS_ASSERTIONS = NO;
				ENABLE_STRICT_OBJC_MSGSEND = YES;
				GCC_C_LANGUAGE_STANDARD = gnu11;
				GCC_NO_COMMON_BLOCKS = YES;
				GCC_WARN_64_TO_32_BIT_CONVERSION = YES;
				GCC_WARN_ABOUT_RETURN_TYPE = YES_ERROR;
				GCC_WARN_UNDECLARED_SELECTOR = YES;
				GCC_WARN_UNINITIALIZED_AUTOS = YES_AGGRESSIVE;
				GCC_WARN_UNUSED_FUNCTION = YES;
				GCC_WARN_UNUSED_VARIABLE = YES;
				IPHONEOS_DEPLOYMENT_TARGET = 16.4;
				MTL_ENABLE_DEBUG_INFO = NO;
				MTL_FAST_MATH = YES;
				SDKROOT = iphoneos;
				SWIFT_COMPILATION_MODE = wholemodule;
				SWIFT_OPTIMIZATION_LEVEL = "-O";
				VALIDATE_PRODUCT = YES;
			};
			name = Release;
		};
		450A499B2A8EC94F00DEB7CF /* Debug */ = {
			isa = XCBuildConfiguration;
			buildSettings = {
				ASSETCATALOG_COMPILER_APPICON_NAME = AppIcon;
				ASSETCATALOG_COMPILER_GLOBAL_ACCENT_COLOR_NAME = AccentColor;
				CODE_SIGN_STYLE = Automatic;
				CURRENT_PROJECT_VERSION = 1;
				DEVELOPMENT_TEAM = AAH465MWTM;
				GENERATE_INFOPLIST_FILE = YES;
				INFOPLIST_FILE = AGRESSV/Info.plist;
				INFOPLIST_KEY_CFBundleDisplayName = Agressv;
				INFOPLIST_KEY_LSApplicationCategoryType = "public.app-category.sports";
				INFOPLIST_KEY_UIApplicationSupportsIndirectInputEvents = YES;
				INFOPLIST_KEY_UILaunchStoryboardName = LaunchScreen;
				INFOPLIST_KEY_UIMainStoryboardFile = Main;
				INFOPLIST_KEY_UISupportedInterfaceOrientations = "UIInterfaceOrientationLandscapeLeft UIInterfaceOrientationLandscapeRight UIInterfaceOrientationPortrait UIInterfaceOrientationPortraitUpsideDown";
				IPHONEOS_DEPLOYMENT_TARGET = 16.0;
				LD_RUNPATH_SEARCH_PATHS = (
					"$(inherited)",
					"@executable_path/Frameworks",
				);
				MARKETING_VERSION = 10.0;
				PRODUCT_BUNDLE_IDENTIFIER = AGRESSV.AGRESSV;
				PRODUCT_NAME = "$(TARGET_NAME)";
				SWIFT_EMIT_LOC_STRINGS = YES;
				SWIFT_VERSION = 5.0;
				TARGETED_DEVICE_FAMILY = "1,2";
			};
			name = Debug;
		};
		450A499C2A8EC94F00DEB7CF /* Release */ = {
			isa = XCBuildConfiguration;
			buildSettings = {
				ASSETCATALOG_COMPILER_APPICON_NAME = AppIcon;
				ASSETCATALOG_COMPILER_GLOBAL_ACCENT_COLOR_NAME = AccentColor;
				CODE_SIGN_STYLE = Automatic;
				CURRENT_PROJECT_VERSION = 1;
				DEVELOPMENT_TEAM = AAH465MWTM;
				ENABLE_TESTABILITY = NO;
				GENERATE_INFOPLIST_FILE = YES;
				INFOPLIST_FILE = AGRESSV/Info.plist;
				INFOPLIST_KEY_CFBundleDisplayName = Agressv;
				INFOPLIST_KEY_LSApplicationCategoryType = "public.app-category.sports";
				INFOPLIST_KEY_UIApplicationSupportsIndirectInputEvents = YES;
				INFOPLIST_KEY_UILaunchStoryboardName = LaunchScreen;
				INFOPLIST_KEY_UIMainStoryboardFile = Main;
				INFOPLIST_KEY_UISupportedInterfaceOrientations = "UIInterfaceOrientationLandscapeLeft UIInterfaceOrientationLandscapeRight UIInterfaceOrientationPortrait UIInterfaceOrientationPortraitUpsideDown";
				IPHONEOS_DEPLOYMENT_TARGET = 16.0;
				LD_RUNPATH_SEARCH_PATHS = (
					"$(inherited)",
					"@executable_path/Frameworks",
				);
				MARKETING_VERSION = 10.0;
				PRODUCT_BUNDLE_IDENTIFIER = AGRESSV.AGRESSV;
				PRODUCT_NAME = "$(TARGET_NAME)";
				SWIFT_EMIT_LOC_STRINGS = YES;
				SWIFT_VERSION = 5.0;
				TARGETED_DEVICE_FAMILY = "1,2";
			};
			name = Release;
		};
		450A499E2A8EC94F00DEB7CF /* Debug */ = {
			isa = XCBuildConfiguration;
			buildSettings = {
				ALWAYS_EMBED_SWIFT_STANDARD_LIBRARIES = YES;
				BUNDLE_LOADER = "$(TEST_HOST)";
				CODE_SIGN_STYLE = Automatic;
				CURRENT_PROJECT_VERSION = 1;
				GENERATE_INFOPLIST_FILE = YES;
				IPHONEOS_DEPLOYMENT_TARGET = 16.4;
				MARKETING_VERSION = 1.0;
				PRODUCT_BUNDLE_IDENTIFIER = AGRESSV.AGRESSVTests;
				PRODUCT_NAME = "$(TARGET_NAME)";
				SWIFT_EMIT_LOC_STRINGS = NO;
				SWIFT_VERSION = 5.0;
				TARGETED_DEVICE_FAMILY = "1,2";
				TEST_HOST = "$(BUILT_PRODUCTS_DIR)/AGRESSV.app/$(BUNDLE_EXECUTABLE_FOLDER_PATH)/AGRESSV";
			};
			name = Debug;
		};
		450A499F2A8EC94F00DEB7CF /* Release */ = {
			isa = XCBuildConfiguration;
			buildSettings = {
				ALWAYS_EMBED_SWIFT_STANDARD_LIBRARIES = YES;
				BUNDLE_LOADER = "$(TEST_HOST)";
				CODE_SIGN_STYLE = Automatic;
				CURRENT_PROJECT_VERSION = 1;
				GENERATE_INFOPLIST_FILE = YES;
				IPHONEOS_DEPLOYMENT_TARGET = 16.4;
				MARKETING_VERSION = 1.0;
				PRODUCT_BUNDLE_IDENTIFIER = AGRESSV.AGRESSVTests;
				PRODUCT_NAME = "$(TARGET_NAME)";
				SWIFT_EMIT_LOC_STRINGS = NO;
				SWIFT_VERSION = 5.0;
				TARGETED_DEVICE_FAMILY = "1,2";
				TEST_HOST = "$(BUILT_PRODUCTS_DIR)/AGRESSV.app/$(BUNDLE_EXECUTABLE_FOLDER_PATH)/AGRESSV";
			};
			name = Release;
		};
		450A49A12A8EC94F00DEB7CF /* Debug */ = {
			isa = XCBuildConfiguration;
			buildSettings = {
				ALWAYS_EMBED_SWIFT_STANDARD_LIBRARIES = YES;
				CODE_SIGN_STYLE = Automatic;
				CURRENT_PROJECT_VERSION = 1;
				GENERATE_INFOPLIST_FILE = YES;
				MARKETING_VERSION = 1.0;
				PRODUCT_BUNDLE_IDENTIFIER = AGRESSV.AGRESSVUITests;
				PRODUCT_NAME = "$(TARGET_NAME)";
				SWIFT_EMIT_LOC_STRINGS = NO;
				SWIFT_VERSION = 5.0;
				TARGETED_DEVICE_FAMILY = "1,2";
				TEST_TARGET_NAME = AGRESSV;
			};
			name = Debug;
		};
		450A49A22A8EC94F00DEB7CF /* Release */ = {
			isa = XCBuildConfiguration;
			buildSettings = {
				ALWAYS_EMBED_SWIFT_STANDARD_LIBRARIES = YES;
				CODE_SIGN_STYLE = Automatic;
				CURRENT_PROJECT_VERSION = 1;
				GENERATE_INFOPLIST_FILE = YES;
				MARKETING_VERSION = 1.0;
				PRODUCT_BUNDLE_IDENTIFIER = AGRESSV.AGRESSVUITests;
				PRODUCT_NAME = "$(TARGET_NAME)";
				SWIFT_EMIT_LOC_STRINGS = NO;
				SWIFT_VERSION = 5.0;
				TARGETED_DEVICE_FAMILY = "1,2";
				TEST_TARGET_NAME = AGRESSV;
			};
			name = Release;
		};
/* End XCBuildConfiguration section */

/* Begin XCConfigurationList section */
		450A496B2A8EC94D00DEB7CF /* Build configuration list for PBXProject "AGRESSV" */ = {
			isa = XCConfigurationList;
			buildConfigurations = (
				450A49982A8EC94F00DEB7CF /* Debug */,
				450A49992A8EC94F00DEB7CF /* Release */,
			);
			defaultConfigurationIsVisible = 0;
			defaultConfigurationName = Release;
		};
		450A499A2A8EC94F00DEB7CF /* Build configuration list for PBXNativeTarget "AGRESSV" */ = {
			isa = XCConfigurationList;
			buildConfigurations = (
				450A499B2A8EC94F00DEB7CF /* Debug */,
				450A499C2A8EC94F00DEB7CF /* Release */,
			);
			defaultConfigurationIsVisible = 0;
			defaultConfigurationName = Release;
		};
		450A499D2A8EC94F00DEB7CF /* Build configuration list for PBXNativeTarget "AGRESSVTests" */ = {
			isa = XCConfigurationList;
			buildConfigurations = (
				450A499E2A8EC94F00DEB7CF /* Debug */,
				450A499F2A8EC94F00DEB7CF /* Release */,
			);
			defaultConfigurationIsVisible = 0;
			defaultConfigurationName = Release;
		};
		450A49A02A8EC94F00DEB7CF /* Build configuration list for PBXNativeTarget "AGRESSVUITests" */ = {
			isa = XCConfigurationList;
			buildConfigurations = (
				450A49A12A8EC94F00DEB7CF /* Debug */,
				450A49A22A8EC94F00DEB7CF /* Release */,
			);
			defaultConfigurationIsVisible = 0;
			defaultConfigurationName = Release;
		};
/* End XCConfigurationList section */

/* Begin XCRemoteSwiftPackageReference section */
		4573B8B92A91A868009FAE1E /* XCRemoteSwiftPackageReference "firebase-ios-sdk" */ = {
			isa = XCRemoteSwiftPackageReference;
			repositoryURL = "https://github.com/firebase/firebase-ios-sdk";
			requirement = {
				kind = upToNextMajorVersion;
				minimumVersion = 10.0.0;
			};
		};
/* End XCRemoteSwiftPackageReference section */

/* Begin XCSwiftPackageProductDependency section */
		450C07CC2A92CFCD006E4540 /* FirebaseFirestore */ = {
			isa = XCSwiftPackageProductDependency;
			package = 4573B8B92A91A868009FAE1E /* XCRemoteSwiftPackageReference "firebase-ios-sdk" */;
			productName = FirebaseFirestore;
		};
		4573B8BA2A91A868009FAE1E /* FirebaseAuth */ = {
			isa = XCSwiftPackageProductDependency;
			package = 4573B8B92A91A868009FAE1E /* XCRemoteSwiftPackageReference "firebase-ios-sdk" */;
			productName = FirebaseAuth;
		};
/* End XCSwiftPackageProductDependency section */
	};
	rootObject = 450A49682A8EC94D00DEB7CF /* Project object */;
}
